
Microsoft Visual Studio Solution File, Format Version 12.00
# Visual Studio 2012
Project("{FAE04EC0-301F-11D3-BF4B-00C04F79EFBC}") = "Demo11", "Demo11\Demo11.csproj", "{9FCA15F8-013C-47AB-B91D-058BC93C368E}"
EndProject
Project("{FAE04EC0-301F-11D3-BF4B-00C04F79EFBC}") = "FileProvider", "FileProvider\FileProvider.csproj", "{79A95C97-7402-408D-8D22-BCAF96A816E4}"
EndProject
Project("{2150E333-8FDC-42A3-9474-1A3956D46DE8}") = "Solution Items", "Solution Items", "{738DD5BD-BF74-4CC3-BBAA-D49045F96ADB}"
	ProjectSection(SolutionItems) = preProject
		README.md = README.md
	EndProjectSection
EndProject
Global
	GlobalSection(SolutionConfigurationPlatforms) = preSolution
		Debug|iPhoneSimulator = Debug|iPhoneSimulator
		Release|iPhone = Release|iPhone
		Release|iPhoneSimulator = Release|iPhoneSimulator
		Debug|iPhone = Debug|iPhone
	EndGlobalSection
	GlobalSection(ProjectConfigurationPlatforms) = postSolution
		{9FCA15F8-013C-47AB-B91D-058BC93C368E}.Debug|iPhoneSimulator.ActiveCfg = Debug|iPhoneSimulator
		{9FCA15F8-013C-47AB-B91D-058BC93C368E}.Debug|iPhoneSimulator.Build.0 = Debug|iPhoneSimulator
		{9FCA15F8-013C-47AB-B91D-058BC93C368E}.Release|iPhone.ActiveCfg = Release|iPhone
		{9FCA15F8-013C-47AB-B91D-058BC93C368E}.Release|iPhone.Build.0 = Release|iPhone
		{9FCA15F8-013C-47AB-B91D-058BC93C368E}.Release|iPhoneSimulator.ActiveCfg = Release|iPhoneSimulator
		{9FCA15F8-013C-47AB-B91D-058BC93C368E}.Release|iPhoneSimulator.Build.0 = Release|iPhoneSimulator
		{9FCA15F8-013C-47AB-B91D-058BC93C368E}.Debug|iPhone.ActiveCfg = Debug|iPhone
		{9FCA15F8-013C-47AB-B91D-058BC93C368E}.Debug|iPhone.Build.0 = Debug|iPhone
		{79A95C97-7402-408D-8D22-BCAF96A816E4}.Debug|iPhoneSimulator.ActiveCfg = Debug|iPhoneSimulator
		{79A95C97-7402-408D-8D22-BCAF96A816E4}.Debug|iPhoneSimulator.Build.0 = Debug|iPhoneSimulator
		{79A95C97-7402-408D-8D22-BCAF96A816E4}.Release|iPhone.ActiveCfg = Release|iPhone
		{79A95C97-7402-408D-8D22-BCAF96A816E4}.Release|iPhone.Build.0 = Release|iPhone
		{79A95C97-7402-408D-8D22-BCAF96A816E4}.Release|iPhoneSimulator.ActiveCfg = Release|iPhoneSimulator
		{79A95C97-7402-408D-8D22-BCAF96A816E4}.Release|iPhoneSimulator.Build.0 = Release|iPhoneSimulator
		{79A95C97-7402-408D-8D22-BCAF96A816E4}.Debug|iPhone.ActiveCfg = Debug|iPhone
		{79A95C97-7402-408D-8D22-BCAF96A816E4}.Debug|iPhone.Build.0 = Debug|iPhone
	EndGlobalSection
EndGlobal
