
Microsoft Visual Studio Solution File, Format Version 12.00
# Visual Studio 2012
Project("{FAE04EC0-301F-11D3-BF4B-00C04F79EFBC}") = "Demo11", "Demo11\Demo11.csproj", "{9FCA15F8-013C-47AB-B91D-058BC93C368E}"
EndProject
Global
	GlobalSection(SolutionConfigurationPlatforms) = preSolution
		Debug|iPhoneSimulator = Debug|iPhoneSimulator
		Release|iPhone = Release|iPhone
		Release|iPhoneSimulator = Release|iPhoneSimulator
		Debug|iPhone = Debug|iPhone
	EndGlobalSection
	GlobalSection(ProjectConfigurationPlatforms) = postSolution
		{9FCA15F8-013C-47AB-B91D-058BC93C368E}.Debug|iPhoneSimulator.ActiveCfg = Debug|iPhoneSimulator
		{9FCA15F8-013C-47AB-B91D-058BC93C368E}.Debug|iPhoneSimulator.Build.0 = Debug|iPhoneSimulator
		{9FCA15F8-013C-47AB-B91D-058BC93C368E}.Release|iPhone.ActiveCfg = Release|iPhone
		{9FCA15F8-013C-47AB-B91D-058BC93C368E}.Release|iPhone.Build.0 = Release|iPhone
		{9FCA15F8-013C-47AB-B91D-058BC93C368E}.Release|iPhoneSimulator.ActiveCfg = Release|iPhoneSimulator
		{9FCA15F8-013C-47AB-B91D-058BC93C368E}.Release|iPhoneSimulator.Build.0 = Release|iPhoneSimulator
		{9FCA15F8-013C-47AB-B91D-058BC93C368E}.Debug|iPhone.ActiveCfg = Debug|iPhone
		{9FCA15F8-013C-47AB-B91D-058BC93C368E}.Debug|iPhone.Build.0 = Debug|iPhone
	EndGlobalSection
EndGlobal
